
Microsoft Visual Studio Solution File, Format Version 12.00
# Visual Studio Version 17
VisualStudioVersion = 17.5.002.0
MinimumVisualStudioVersion = 10.0.40219.1
Project("{9A19103F-16F7-4668-BE54-9A1E7A4F7556}") = "test", "test.csproj", "{71A287CF-F089-47A0-ABB3-32A8E5EE3255}"
EndProject
Global
	GlobalSection(SolutionConfigurationPlatforms) = preSolution
		Debug|Any CPU = Debug|Any CPU
		Release|Any CPU = Release|Any CPU
	EndGlobalSection
	GlobalSection(ProjectConfigurationPlatforms) = postSolution
		{71A287CF-F089-47A0-ABB3-32A8E5EE3255}.Debug|Any CPU.ActiveCfg = Debug|Any CPU
		{71A287CF-F089-47A0-ABB3-32A8E5EE3255}.Debug|Any CPU.Build.0 = Debug|Any CPU
		{71A287CF-F089-47A0-ABB3-32A8E5EE3255}.Release|Any CPU.ActiveCfg = Release|Any CPU
		{71A287CF-F089-47A0-ABB3-32A8E5EE3255}.Release|Any CPU.Build.0 = Release|Any CPU
	EndGlobalSection
	GlobalSection(SolutionProperties) = preSolution
		HideSolutionNode = FALSE
	EndGlobalSection
	GlobalSection(ExtensibilityGlobals) = postSolution
		SolutionGuid = {0CD38C0D-6A60-42C9-94D3-E514EC7EC681}
	EndGlobalSection
EndGlobal
